// !$*UTF8*$!
{
	archiveVersion = 1;
	classes = {
	};
	objectVersion = 55;
	objects = {

/* Begin PBXBuildFile section */
		550C4D9828E1AF9A0002DDC4 /* AppDelegate.swift in Sources */ = {isa = PBXBuildFile; fileRef = 550C4D9728E1AF9A0002DDC4 /* AppDelegate.swift */; };
		550C4D9A28E1AF9A0002DDC4 /* SceneDelegate.swift in Sources */ = {isa = PBXBuildFile; fileRef = 550C4D9928E1AF9A0002DDC4 /* SceneDelegate.swift */; };
		550C4D9C28E1AF9A0002DDC4 /* ViewController.swift in Sources */ = {isa = PBXBuildFile; fileRef = 550C4D9B28E1AF9A0002DDC4 /* ViewController.swift */; };
		550C4D9F28E1AF9A0002DDC4 /* Main.storyboard in Resources */ = {isa = PBXBuildFile; fileRef = 550C4D9D28E1AF9A0002DDC4 /* Main.storyboard */; };
		550C4DA128E1AF9B0002DDC4 /* Assets.xcassets in Resources */ = {isa = PBXBuildFile; fileRef = 550C4DA028E1AF9B0002DDC4 /* Assets.xcassets */; };
		550C4DA428E1AF9B0002DDC4 /* LaunchScreen.storyboard in Resources */ = {isa = PBXBuildFile; fileRef = 550C4DA228E1AF9B0002DDC4 /* LaunchScreen.storyboard */; };
		550C4DAF28E1AF9B0002DDC4 /* ReactiveStatefulMVVMTests.swift in Sources */ = {isa = PBXBuildFile; fileRef = 550C4DAE28E1AF9B0002DDC4 /* ReactiveStatefulMVVMTests.swift */; };
		550C4DB928E1AF9B0002DDC4 /* ReactiveStatefulMVVMUITests.swift in Sources */ = {isa = PBXBuildFile; fileRef = 550C4DB828E1AF9B0002DDC4 /* ReactiveStatefulMVVMUITests.swift */; };
		550C4DBB28E1AF9B0002DDC4 /* ReactiveStatefulMVVMUITestsLaunchTests.swift in Sources */ = {isa = PBXBuildFile; fileRef = 550C4DBA28E1AF9B0002DDC4 /* ReactiveStatefulMVVMUITestsLaunchTests.swift */; };
		550C4DCA28E1AFD60002DDC4 /* ServiceManager.swift in Sources */ = {isa = PBXBuildFile; fileRef = 550C4DC928E1AFD60002DDC4 /* ServiceManager.swift */; };
		550C4DD128E1B3610002DDC4 /* RickAndMortyModel.swift in Sources */ = {isa = PBXBuildFile; fileRef = 550C4DD028E1B3610002DDC4 /* RickAndMortyModel.swift */; };
		550C4DD528E1B67E0002DDC4 /* ServiceGenerator.swift in Sources */ = {isa = PBXBuildFile; fileRef = 550C4DD428E1B67E0002DDC4 /* ServiceGenerator.swift */; };
		550C4DD728E1C2300002DDC4 /* NetworkRequest.swift in Sources */ = {isa = PBXBuildFile; fileRef = 550C4DD628E1C2300002DDC4 /* NetworkRequest.swift */; };
		550C4DDB28E1C7BA0002DDC4 /* CharacterListViewController.swift in Sources */ = {isa = PBXBuildFile; fileRef = 550C4DD928E1C7BA0002DDC4 /* CharacterListViewController.swift */; };
		550C4DDE28E1C8010002DDC4 /* CharacterListState.swift in Sources */ = {isa = PBXBuildFile; fileRef = 550C4DDD28E1C8010002DDC4 /* CharacterListState.swift */; };
		550C4DE328E1C8230002DDC4 /* CharacterListViewModel.swift in Sources */ = {isa = PBXBuildFile; fileRef = 550C4DE228E1C8230002DDC4 /* CharacterListViewModel.swift */; };
		5528C66428E45A3500D11D0C /* UIViewController+Extension.swift in Sources */ = {isa = PBXBuildFile; fileRef = 5528C66328E45A3500D11D0C /* UIViewController+Extension.swift */; };
		5528C66A28E45BBC00D11D0C /* CharacterDetailBuilder.swift in Sources */ = {isa = PBXBuildFile; fileRef = 5528C66928E45BBC00D11D0C /* CharacterDetailBuilder.swift */; };
		5528C66D28E45BF900D11D0C /* CharacterDetailViewController.swift in Sources */ = {isa = PBXBuildFile; fileRef = 5528C66C28E45BF900D11D0C /* CharacterDetailViewController.swift */; };
		5528C66F28E45C3500D11D0C /* CharacterDetail.storyboard in Resources */ = {isa = PBXBuildFile; fileRef = 5528C66E28E45C3500D11D0C /* CharacterDetail.storyboard */; };
		5528C67228E45C7100D11D0C /* CharacterDetailViewModel.swift in Sources */ = {isa = PBXBuildFile; fileRef = 5528C67128E45C7100D11D0C /* CharacterDetailViewModel.swift */; };
		5528C67428E45D3800D11D0C /* CharacterDetailState.swift in Sources */ = {isa = PBXBuildFile; fileRef = 5528C67328E45D3800D11D0C /* CharacterDetailState.swift */; };
		5528C67828E476BF00D11D0C /* Coordinator.swift in Sources */ = {isa = PBXBuildFile; fileRef = 5528C67728E476BF00D11D0C /* Coordinator.swift */; };
		5528C67A28E47D7100D11D0C /* Cells.swift in Sources */ = {isa = PBXBuildFile; fileRef = 5528C67928E47D7100D11D0C /* Cells.swift */; };
		553E7ED528E4B6F60010916B /* ApiURLs.swift in Sources */ = {isa = PBXBuildFile; fileRef = 553E7ED428E4B6F60010916B /* ApiURLs.swift */; };
		55453EBD28E2FEA2008BD3F0 /* CoordinatorProtocol.swift in Sources */ = {isa = PBXBuildFile; fileRef = 55453EBC28E2FEA2008BD3F0 /* CoordinatorProtocol.swift */; };
		55453EC428E2FFF6008BD3F0 /* CharacterListBuilder.swift in Sources */ = {isa = PBXBuildFile; fileRef = 55453EC328E2FFF6008BD3F0 /* CharacterListBuilder.swift */; };
		55453EC628E300CF008BD3F0 /* Storyboards.swift in Sources */ = {isa = PBXBuildFile; fileRef = 55453EC528E300CF008BD3F0 /* Storyboards.swift */; };
		55453EC928E3010A008BD3F0 /* UIStoryboard+Extension.swift in Sources */ = {isa = PBXBuildFile; fileRef = 55453EC828E3010A008BD3F0 /* UIStoryboard+Extension.swift */; };
		55453ECB28E301CB008BD3F0 /* CharacterList.storyboard in Resources */ = {isa = PBXBuildFile; fileRef = 55453ECA28E301CB008BD3F0 /* CharacterList.storyboard */; };
		5569846728E3129A00AD2351 /* CharacterTableViewDataModel.swift in Sources */ = {isa = PBXBuildFile; fileRef = 5569846628E3129A00AD2351 /* CharacterTableViewDataModel.swift */; };
		5569846A28E31C3700AD2351 /* CharacterListCollectionViewCell.swift in Sources */ = {isa = PBXBuildFile; fileRef = 5569846828E31C3700AD2351 /* CharacterListCollectionViewCell.swift */; };
		5569846B28E31C3700AD2351 /* CharacterListCollectionViewCell.xib in Resources */ = {isa = PBXBuildFile; fileRef = 5569846928E31C3700AD2351 /* CharacterListCollectionViewCell.xib */; };
		5569846D28E31DD400AD2351 /* CharacterListCellViewModel.swift in Sources */ = {isa = PBXBuildFile; fileRef = 5569846C28E31DD400AD2351 /* CharacterListCellViewModel.swift */; };
		5569846F28E3218200AD2351 /* Reusable+Extension.swift in Sources */ = {isa = PBXBuildFile; fileRef = 5569846E28E3218200AD2351 /* Reusable+Extension.swift */; };
		5569847128E321B800AD2351 /* CollectionViewCell+Extension.swift in Sources */ = {isa = PBXBuildFile; fileRef = 5569847028E321B800AD2351 /* CollectionViewCell+Extension.swift */; };
		5578535428F96334006E5090 /* UIImage+Extension.swift in Sources */ = {isa = PBXBuildFile; fileRef = 5578535328F96334006E5090 /* UIImage+Extension.swift */; };
		5578535828F963B3006E5090 /* ImageCacheType.swift in Sources */ = {isa = PBXBuildFile; fileRef = 5578535728F963B3006E5090 /* ImageCacheType.swift */; };
		5578535A28F963FA006E5090 /* ImageCache.swift in Sources */ = {isa = PBXBuildFile; fileRef = 5578535928F963FA006E5090 /* ImageCache.swift */; };
/* End PBXBuildFile section */

/* Begin PBXContainerItemProxy section */
		550C4DAB28E1AF9B0002DDC4 /* PBXContainerItemProxy */ = {
			isa = PBXContainerItemProxy;
			containerPortal = 550C4D8C28E1AF9A0002DDC4 /* Project object */;
			proxyType = 1;
			remoteGlobalIDString = 550C4D9328E1AF9A0002DDC4;
			remoteInfo = ReactiveStatefulMVVM;
		};
		550C4DB528E1AF9B0002DDC4 /* PBXContainerItemProxy */ = {
			isa = PBXContainerItemProxy;
			containerPortal = 550C4D8C28E1AF9A0002DDC4 /* Project object */;
			proxyType = 1;
			remoteGlobalIDString = 550C4D9328E1AF9A0002DDC4;
			remoteInfo = ReactiveStatefulMVVM;
		};
/* End PBXContainerItemProxy section */

/* Begin PBXFileReference section */
		550C4D9428E1AF9A0002DDC4 /* ReactiveStatefulMVVM.app */ = {isa = PBXFileReference; explicitFileType = wrapper.application; includeInIndex = 0; path = ReactiveStatefulMVVM.app; sourceTree = BUILT_PRODUCTS_DIR; };
		550C4D9728E1AF9A0002DDC4 /* AppDelegate.swift */ = {isa = PBXFileReference; lastKnownFileType = sourcecode.swift; path = AppDelegate.swift; sourceTree = "<group>"; };
		550C4D9928E1AF9A0002DDC4 /* SceneDelegate.swift */ = {isa = PBXFileReference; lastKnownFileType = sourcecode.swift; path = SceneDelegate.swift; sourceTree = "<group>"; };
		550C4D9B28E1AF9A0002DDC4 /* ViewController.swift */ = {isa = PBXFileReference; lastKnownFileType = sourcecode.swift; path = ViewController.swift; sourceTree = "<group>"; };
		550C4D9E28E1AF9A0002DDC4 /* Base */ = {isa = PBXFileReference; lastKnownFileType = file.storyboard; name = Base; path = Base.lproj/Main.storyboard; sourceTree = "<group>"; };
		550C4DA028E1AF9B0002DDC4 /* Assets.xcassets */ = {isa = PBXFileReference; lastKnownFileType = folder.assetcatalog; path = Assets.xcassets; sourceTree = "<group>"; };
		550C4DA328E1AF9B0002DDC4 /* Base */ = {isa = PBXFileReference; lastKnownFileType = file.storyboard; name = Base; path = Base.lproj/LaunchScreen.storyboard; sourceTree = "<group>"; };
		550C4DA528E1AF9B0002DDC4 /* Info.plist */ = {isa = PBXFileReference; lastKnownFileType = text.plist.xml; path = Info.plist; sourceTree = "<group>"; };
		550C4DAA28E1AF9B0002DDC4 /* ReactiveStatefulMVVMTests.xctest */ = {isa = PBXFileReference; explicitFileType = wrapper.cfbundle; includeInIndex = 0; path = ReactiveStatefulMVVMTests.xctest; sourceTree = BUILT_PRODUCTS_DIR; };
		550C4DAE28E1AF9B0002DDC4 /* ReactiveStatefulMVVMTests.swift */ = {isa = PBXFileReference; lastKnownFileType = sourcecode.swift; path = ReactiveStatefulMVVMTests.swift; sourceTree = "<group>"; };
		550C4DB428E1AF9B0002DDC4 /* ReactiveStatefulMVVMUITests.xctest */ = {isa = PBXFileReference; explicitFileType = wrapper.cfbundle; includeInIndex = 0; path = ReactiveStatefulMVVMUITests.xctest; sourceTree = BUILT_PRODUCTS_DIR; };
		550C4DB828E1AF9B0002DDC4 /* ReactiveStatefulMVVMUITests.swift */ = {isa = PBXFileReference; lastKnownFileType = sourcecode.swift; path = ReactiveStatefulMVVMUITests.swift; sourceTree = "<group>"; };
		550C4DBA28E1AF9B0002DDC4 /* ReactiveStatefulMVVMUITestsLaunchTests.swift */ = {isa = PBXFileReference; lastKnownFileType = sourcecode.swift; path = ReactiveStatefulMVVMUITestsLaunchTests.swift; sourceTree = "<group>"; };
		550C4DC928E1AFD60002DDC4 /* ServiceManager.swift */ = {isa = PBXFileReference; lastKnownFileType = sourcecode.swift; path = ServiceManager.swift; sourceTree = "<group>"; };
		550C4DD028E1B3610002DDC4 /* RickAndMortyModel.swift */ = {isa = PBXFileReference; lastKnownFileType = sourcecode.swift; path = RickAndMortyModel.swift; sourceTree = "<group>"; };
		550C4DD428E1B67E0002DDC4 /* ServiceGenerator.swift */ = {isa = PBXFileReference; lastKnownFileType = sourcecode.swift; path = ServiceGenerator.swift; sourceTree = "<group>"; };
		550C4DD628E1C2300002DDC4 /* NetworkRequest.swift */ = {isa = PBXFileReference; lastKnownFileType = sourcecode.swift; path = NetworkRequest.swift; sourceTree = "<group>"; };
		550C4DD928E1C7BA0002DDC4 /* CharacterListViewController.swift */ = {isa = PBXFileReference; lastKnownFileType = sourcecode.swift; path = CharacterListViewController.swift; sourceTree = "<group>"; };
		550C4DDD28E1C8010002DDC4 /* CharacterListState.swift */ = {isa = PBXFileReference; lastKnownFileType = sourcecode.swift; path = CharacterListState.swift; sourceTree = "<group>"; };
		550C4DE228E1C8230002DDC4 /* CharacterListViewModel.swift */ = {isa = PBXFileReference; lastKnownFileType = sourcecode.swift; path = CharacterListViewModel.swift; sourceTree = "<group>"; };
		5528C66328E45A3500D11D0C /* UIViewController+Extension.swift */ = {isa = PBXFileReference; lastKnownFileType = sourcecode.swift; path = "UIViewController+Extension.swift"; sourceTree = "<group>"; };
		5528C66928E45BBC00D11D0C /* CharacterDetailBuilder.swift */ = {isa = PBXFileReference; lastKnownFileType = sourcecode.swift; path = CharacterDetailBuilder.swift; sourceTree = "<group>"; };
		5528C66C28E45BF900D11D0C /* CharacterDetailViewController.swift */ = {isa = PBXFileReference; lastKnownFileType = sourcecode.swift; path = CharacterDetailViewController.swift; sourceTree = "<group>"; };
		5528C66E28E45C3500D11D0C /* CharacterDetail.storyboard */ = {isa = PBXFileReference; lastKnownFileType = file.storyboard; path = CharacterDetail.storyboard; sourceTree = "<group>"; };
		5528C67128E45C7100D11D0C /* CharacterDetailViewModel.swift */ = {isa = PBXFileReference; lastKnownFileType = sourcecode.swift; path = CharacterDetailViewModel.swift; sourceTree = "<group>"; };
		5528C67328E45D3800D11D0C /* CharacterDetailState.swift */ = {isa = PBXFileReference; lastKnownFileType = sourcecode.swift; path = CharacterDetailState.swift; sourceTree = "<group>"; };
		5528C67728E476BF00D11D0C /* Coordinator.swift */ = {isa = PBXFileReference; lastKnownFileType = sourcecode.swift; path = Coordinator.swift; sourceTree = "<group>"; };
		5528C67928E47D7100D11D0C /* Cells.swift */ = {isa = PBXFileReference; lastKnownFileType = sourcecode.swift; path = Cells.swift; sourceTree = "<group>"; };
		553E7ED428E4B6F60010916B /* ApiURLs.swift */ = {isa = PBXFileReference; lastKnownFileType = sourcecode.swift; path = ApiURLs.swift; sourceTree = "<group>"; };
		55453EBC28E2FEA2008BD3F0 /* CoordinatorProtocol.swift */ = {isa = PBXFileReference; lastKnownFileType = sourcecode.swift; path = CoordinatorProtocol.swift; sourceTree = "<group>"; };
		55453EC328E2FFF6008BD3F0 /* CharacterListBuilder.swift */ = {isa = PBXFileReference; lastKnownFileType = sourcecode.swift; path = CharacterListBuilder.swift; sourceTree = "<group>"; };
		55453EC528E300CF008BD3F0 /* Storyboards.swift */ = {isa = PBXFileReference; lastKnownFileType = sourcecode.swift; path = Storyboards.swift; sourceTree = "<group>"; };
		55453EC828E3010A008BD3F0 /* UIStoryboard+Extension.swift */ = {isa = PBXFileReference; lastKnownFileType = sourcecode.swift; path = "UIStoryboard+Extension.swift"; sourceTree = "<group>"; };
		55453ECA28E301CB008BD3F0 /* CharacterList.storyboard */ = {isa = PBXFileReference; lastKnownFileType = file.storyboard; path = CharacterList.storyboard; sourceTree = "<group>"; };
		5569846628E3129A00AD2351 /* CharacterTableViewDataModel.swift */ = {isa = PBXFileReference; lastKnownFileType = sourcecode.swift; path = CharacterTableViewDataModel.swift; sourceTree = "<group>"; };
		5569846828E31C3700AD2351 /* CharacterListCollectionViewCell.swift */ = {isa = PBXFileReference; lastKnownFileType = sourcecode.swift; path = CharacterListCollectionViewCell.swift; sourceTree = "<group>"; };
		5569846928E31C3700AD2351 /* CharacterListCollectionViewCell.xib */ = {isa = PBXFileReference; lastKnownFileType = file.xib; path = CharacterListCollectionViewCell.xib; sourceTree = "<group>"; };
		5569846C28E31DD400AD2351 /* CharacterListCellViewModel.swift */ = {isa = PBXFileReference; lastKnownFileType = sourcecode.swift; path = CharacterListCellViewModel.swift; sourceTree = "<group>"; };
		5569846E28E3218200AD2351 /* Reusable+Extension.swift */ = {isa = PBXFileReference; lastKnownFileType = sourcecode.swift; path = "Reusable+Extension.swift"; sourceTree = "<group>"; };
		5569847028E321B800AD2351 /* CollectionViewCell+Extension.swift */ = {isa = PBXFileReference; lastKnownFileType = sourcecode.swift; path = "CollectionViewCell+Extension.swift"; sourceTree = "<group>"; };
		5578535328F96334006E5090 /* UIImage+Extension.swift */ = {isa = PBXFileReference; lastKnownFileType = sourcecode.swift; path = "UIImage+Extension.swift"; sourceTree = "<group>"; };
		5578535728F963B3006E5090 /* ImageCacheType.swift */ = {isa = PBXFileReference; lastKnownFileType = sourcecode.swift; path = ImageCacheType.swift; sourceTree = "<group>"; };
		5578535928F963FA006E5090 /* ImageCache.swift */ = {isa = PBXFileReference; lastKnownFileType = sourcecode.swift; path = ImageCache.swift; sourceTree = "<group>"; };
/* End PBXFileReference section */

/* Begin PBXFrameworksBuildPhase section */
		550C4D9128E1AF9A0002DDC4 /* Frameworks */ = {
			isa = PBXFrameworksBuildPhase;
			buildActionMask = 2147483647;
			files = (
			);
			runOnlyForDeploymentPostprocessing = 0;
		};
		550C4DA728E1AF9B0002DDC4 /* Frameworks */ = {
			isa = PBXFrameworksBuildPhase;
			buildActionMask = 2147483647;
			files = (
			);
			runOnlyForDeploymentPostprocessing = 0;
		};
		550C4DB128E1AF9B0002DDC4 /* Frameworks */ = {
			isa = PBXFrameworksBuildPhase;
			buildActionMask = 2147483647;
			files = (
			);
			runOnlyForDeploymentPostprocessing = 0;
		};
/* End PBXFrameworksBuildPhase section */

/* Begin PBXGroup section */
		550C4D8B28E1AF9A0002DDC4 = {
			isa = PBXGroup;
			children = (
				550C4D9628E1AF9A0002DDC4 /* ReactiveStatefulMVVM */,
				550C4DAD28E1AF9B0002DDC4 /* ReactiveStatefulMVVMTests */,
				550C4DB728E1AF9B0002DDC4 /* ReactiveStatefulMVVMUITests */,
				550C4D9528E1AF9A0002DDC4 /* Products */,
			);
			sourceTree = "<group>";
		};
		550C4D9528E1AF9A0002DDC4 /* Products */ = {
			isa = PBXGroup;
			children = (
				550C4D9428E1AF9A0002DDC4 /* ReactiveStatefulMVVM.app */,
				550C4DAA28E1AF9B0002DDC4 /* ReactiveStatefulMVVMTests.xctest */,
				550C4DB428E1AF9B0002DDC4 /* ReactiveStatefulMVVMUITests.xctest */,
			);
			name = Products;
			sourceTree = "<group>";
		};
		550C4D9628E1AF9A0002DDC4 /* ReactiveStatefulMVVM */ = {
			isa = PBXGroup;
			children = (
				550C4DD828E1C76A0002DDC4 /* Views */,
				550C4DC828E1AFBF0002DDC4 /* Network */,
				550C4DC728E1AFAA0002DDC4 /* Core */,
				550C4DA028E1AF9B0002DDC4 /* Assets.xcassets */,
				550C4DA528E1AF9B0002DDC4 /* Info.plist */,
			);
			path = ReactiveStatefulMVVM;
			sourceTree = "<group>";
		};
		550C4DAD28E1AF9B0002DDC4 /* ReactiveStatefulMVVMTests */ = {
			isa = PBXGroup;
			children = (
				550C4DAE28E1AF9B0002DDC4 /* ReactiveStatefulMVVMTests.swift */,
			);
			path = ReactiveStatefulMVVMTests;
			sourceTree = "<group>";
		};
		550C4DB728E1AF9B0002DDC4 /* ReactiveStatefulMVVMUITests */ = {
			isa = PBXGroup;
			children = (
				550C4DB828E1AF9B0002DDC4 /* ReactiveStatefulMVVMUITests.swift */,
				550C4DBA28E1AF9B0002DDC4 /* ReactiveStatefulMVVMUITestsLaunchTests.swift */,
			);
			path = ReactiveStatefulMVVMUITests;
			sourceTree = "<group>";
		};
		550C4DC728E1AFAA0002DDC4 /* Core */ = {
			isa = PBXGroup;
			children = (
				5528C67B28E47EBD00D11D0C /* ViewIdentifiers */,
				55453EC728E300F9008BD3F0 /* Extensions */,
				55453EBB28E2FE5E008BD3F0 /* Coordinator */,
				550C4DE428E1C83C0002DDC4 /* BaseFiles */,
			);
			path = Core;
			sourceTree = "<group>";
		};
		550C4DC828E1AFBF0002DDC4 /* Network */ = {
			isa = PBXGroup;
			children = (
				550C4DCF28E1B34B0002DDC4 /* Model */,
				550C4DCE28E1B33A0002DDC4 /* Service */,
			);
			path = Network;
			sourceTree = "<group>";
		};
		550C4DCE28E1B33A0002DDC4 /* Service */ = {
			isa = PBXGroup;
			children = (
				550C4DC928E1AFD60002DDC4 /* ServiceManager.swift */,
				550C4DD428E1B67E0002DDC4 /* ServiceGenerator.swift */,
				550C4DD628E1C2300002DDC4 /* NetworkRequest.swift */,
				553E7ED428E4B6F60010916B /* ApiURLs.swift */,
			);
			path = Service;
			sourceTree = "<group>";
		};
		550C4DCF28E1B34B0002DDC4 /* Model */ = {
			isa = PBXGroup;
			children = (
				550C4DD028E1B3610002DDC4 /* RickAndMortyModel.swift */,
			);
			path = Model;
			sourceTree = "<group>";
		};
		550C4DD828E1C76A0002DDC4 /* Views */ = {
			isa = PBXGroup;
			children = (
				5578535628F9639C006E5090 /* Storage */,
				5528C67C28E47F4200D11D0C /* Screens */,
				55453ECF28E30F43008BD3F0 /* Cells */,
			);
			path = Views;
			sourceTree = "<group>";
		};
		550C4DE428E1C83C0002DDC4 /* BaseFiles */ = {
			isa = PBXGroup;
			children = (
				550C4DA228E1AF9B0002DDC4 /* LaunchScreen.storyboard */,
				550C4D9D28E1AF9A0002DDC4 /* Main.storyboard */,
				550C4D9728E1AF9A0002DDC4 /* AppDelegate.swift */,
				550C4D9928E1AF9A0002DDC4 /* SceneDelegate.swift */,
				550C4D9B28E1AF9A0002DDC4 /* ViewController.swift */,
			);
			path = BaseFiles;
			sourceTree = "<group>";
		};
		550C4DF328E1CA1C0002DDC4 /* CharacterList */ = {
			isa = PBXGroup;
			children = (
				55453EC328E2FFF6008BD3F0 /* CharacterListBuilder.swift */,
				550C4DDD28E1C8010002DDC4 /* CharacterListState.swift */,
				550C4DE228E1C8230002DDC4 /* CharacterListViewModel.swift */,
				550C4DD928E1C7BA0002DDC4 /* CharacterListViewController.swift */,
				55453ECA28E301CB008BD3F0 /* CharacterList.storyboard */,
				55453ED328E31137008BD3F0 /* TableViewDataSource */,
			);
			path = CharacterList;
			sourceTree = "<group>";
		};
		5528C66528E45B5200D11D0C /* CharacterDetail */ = {
			isa = PBXGroup;
			children = (
				5528C66928E45BBC00D11D0C /* CharacterDetailBuilder.swift */,
				5528C67128E45C7100D11D0C /* CharacterDetailViewModel.swift */,
				5528C67328E45D3800D11D0C /* CharacterDetailState.swift */,
				5528C66C28E45BF900D11D0C /* CharacterDetailViewController.swift */,
				5528C66E28E45C3500D11D0C /* CharacterDetail.storyboard */,
			);
			path = CharacterDetail;
			sourceTree = "<group>";
		};
		5528C67B28E47EBD00D11D0C /* ViewIdentifiers */ = {
			isa = PBXGroup;
			children = (
				55453EC528E300CF008BD3F0 /* Storyboards.swift */,
				5528C67928E47D7100D11D0C /* Cells.swift */,
			);
			path = ViewIdentifiers;
			sourceTree = "<group>";
		};
		5528C67C28E47F4200D11D0C /* Screens */ = {
			isa = PBXGroup;
			children = (
				550C4DF328E1CA1C0002DDC4 /* CharacterList */,
				5528C66528E45B5200D11D0C /* CharacterDetail */,
			);
			path = Screens;
			sourceTree = "<group>";
		};
		55453EBB28E2FE5E008BD3F0 /* Coordinator */ = {
			isa = PBXGroup;
			children = (
				55453EBC28E2FEA2008BD3F0 /* CoordinatorProtocol.swift */,
				5528C67728E476BF00D11D0C /* Coordinator.swift */,
			);
			path = Coordinator;
			sourceTree = "<group>";
		};
		55453EC728E300F9008BD3F0 /* Extensions */ = {
			isa = PBXGroup;
			children = (
				55453EC828E3010A008BD3F0 /* UIStoryboard+Extension.swift */,
				5569846E28E3218200AD2351 /* Reusable+Extension.swift */,
				5569847028E321B800AD2351 /* CollectionViewCell+Extension.swift */,
				5528C66328E45A3500D11D0C /* UIViewController+Extension.swift */,
				5578535328F96334006E5090 /* UIImage+Extension.swift */,
			);
			path = Extensions;
			sourceTree = "<group>";
		};
		55453ECF28E30F43008BD3F0 /* Cells */ = {
			isa = PBXGroup;
			children = (
				55453ED028E30F49008BD3F0 /* CharacterListCell */,
			);
			path = Cells;
			sourceTree = "<group>";
		};
		55453ED028E30F49008BD3F0 /* CharacterListCell */ = {
			isa = PBXGroup;
			children = (
				5569846828E31C3700AD2351 /* CharacterListCollectionViewCell.swift */,
				5569846928E31C3700AD2351 /* CharacterListCollectionViewCell.xib */,
				5569846C28E31DD400AD2351 /* CharacterListCellViewModel.swift */,
			);
			path = CharacterListCell;
			sourceTree = "<group>";
		};
		55453ED328E31137008BD3F0 /* TableViewDataSource */ = {
			isa = PBXGroup;
			children = (
				5569846628E3129A00AD2351 /* CharacterTableViewDataModel.swift */,
			);
			path = TableViewDataSource;
			sourceTree = "<group>";
		};
		5578535628F9639C006E5090 /* Storage */ = {
			isa = PBXGroup;
			children = (
				5578535728F963B3006E5090 /* ImageCacheType.swift */,
				5578535928F963FA006E5090 /* ImageCache.swift */,
			);
			path = Storage;
			sourceTree = "<group>";
		};
/* End PBXGroup section */

/* Begin PBXNativeTarget section */
		550C4D9328E1AF9A0002DDC4 /* ReactiveStatefulMVVM */ = {
			isa = PBXNativeTarget;
			buildConfigurationList = 550C4DBE28E1AF9B0002DDC4 /* Build configuration list for PBXNativeTarget "ReactiveStatefulMVVM" */;
			buildPhases = (
				550C4D9028E1AF9A0002DDC4 /* Sources */,
				550C4D9128E1AF9A0002DDC4 /* Frameworks */,
				550C4D9228E1AF9A0002DDC4 /* Resources */,
			);
			buildRules = (
			);
			dependencies = (
			);
			name = ReactiveStatefulMVVM;
			packageProductDependencies = (
			);
			productName = ReactiveStatefulMVVM;
			productReference = 550C4D9428E1AF9A0002DDC4 /* ReactiveStatefulMVVM.app */;
			productType = "com.apple.product-type.application";
		};
		550C4DA928E1AF9B0002DDC4 /* ReactiveStatefulMVVMTests */ = {
			isa = PBXNativeTarget;
			buildConfigurationList = 550C4DC128E1AF9B0002DDC4 /* Build configuration list for PBXNativeTarget "ReactiveStatefulMVVMTests" */;
			buildPhases = (
				550C4DA628E1AF9B0002DDC4 /* Sources */,
				550C4DA728E1AF9B0002DDC4 /* Frameworks */,
				550C4DA828E1AF9B0002DDC4 /* Resources */,
			);
			buildRules = (
			);
			dependencies = (
				550C4DAC28E1AF9B0002DDC4 /* PBXTargetDependency */,
			);
			name = ReactiveStatefulMVVMTests;
			productName = ReactiveStatefulMVVMTests;
			productReference = 550C4DAA28E1AF9B0002DDC4 /* ReactiveStatefulMVVMTests.xctest */;
			productType = "com.apple.product-type.bundle.unit-test";
		};
		550C4DB328E1AF9B0002DDC4 /* ReactiveStatefulMVVMUITests */ = {
			isa = PBXNativeTarget;
			buildConfigurationList = 550C4DC428E1AF9B0002DDC4 /* Build configuration list for PBXNativeTarget "ReactiveStatefulMVVMUITests" */;
			buildPhases = (
				550C4DB028E1AF9B0002DDC4 /* Sources */,
				550C4DB128E1AF9B0002DDC4 /* Frameworks */,
				550C4DB228E1AF9B0002DDC4 /* Resources */,
			);
			buildRules = (
			);
			dependencies = (
				550C4DB628E1AF9B0002DDC4 /* PBXTargetDependency */,
			);
			name = ReactiveStatefulMVVMUITests;
			productName = ReactiveStatefulMVVMUITests;
			productReference = 550C4DB428E1AF9B0002DDC4 /* ReactiveStatefulMVVMUITests.xctest */;
			productType = "com.apple.product-type.bundle.ui-testing";
		};
/* End PBXNativeTarget section */

/* Begin PBXProject section */
		550C4D8C28E1AF9A0002DDC4 /* Project object */ = {
			isa = PBXProject;
			attributes = {
				BuildIndependentTargetsInParallel = 1;
				LastSwiftUpdateCheck = 1340;
				LastUpgradeCheck = 1340;
				TargetAttributes = {
					550C4D9328E1AF9A0002DDC4 = {
						CreatedOnToolsVersion = 13.4.1;
					};
					550C4DA928E1AF9B0002DDC4 = {
						CreatedOnToolsVersion = 13.4.1;
						TestTargetID = 550C4D9328E1AF9A0002DDC4;
					};
					550C4DB328E1AF9B0002DDC4 = {
						CreatedOnToolsVersion = 13.4.1;
						TestTargetID = 550C4D9328E1AF9A0002DDC4;
					};
				};
			};
			buildConfigurationList = 550C4D8F28E1AF9A0002DDC4 /* Build configuration list for PBXProject "ReactiveStatefulMVVM" */;
			compatibilityVersion = "Xcode 13.0";
			developmentRegion = en;
			hasScannedForEncodings = 0;
			knownRegions = (
				en,
				Base,
			);
			mainGroup = 550C4D8B28E1AF9A0002DDC4;
			packageReferences = (
			);
			productRefGroup = 550C4D9528E1AF9A0002DDC4 /* Products */;
			projectDirPath = "";
			projectRoot = "";
			targets = (
				550C4D9328E1AF9A0002DDC4 /* ReactiveStatefulMVVM */,
				550C4DA928E1AF9B0002DDC4 /* ReactiveStatefulMVVMTests */,
				550C4DB328E1AF9B0002DDC4 /* ReactiveStatefulMVVMUITests */,
			);
		};
/* End PBXProject section */

/* Begin PBXResourcesBuildPhase section */
		550C4D9228E1AF9A0002DDC4 /* Resources */ = {
			isa = PBXResourcesBuildPhase;
			buildActionMask = 2147483647;
			files = (
				55453ECB28E301CB008BD3F0 /* CharacterList.storyboard in Resources */,
				550C4DA428E1AF9B0002DDC4 /* LaunchScreen.storyboard in Resources */,
				550C4DA128E1AF9B0002DDC4 /* Assets.xcassets in Resources */,
				5528C66F28E45C3500D11D0C /* CharacterDetail.storyboard in Resources */,
				550C4D9F28E1AF9A0002DDC4 /* Main.storyboard in Resources */,
				5569846B28E31C3700AD2351 /* CharacterListCollectionViewCell.xib in Resources */,
			);
			runOnlyForDeploymentPostprocessing = 0;
		};
		550C4DA828E1AF9B0002DDC4 /* Resources */ = {
			isa = PBXResourcesBuildPhase;
			buildActionMask = 2147483647;
			files = (
			);
			runOnlyForDeploymentPostprocessing = 0;
		};
		550C4DB228E1AF9B0002DDC4 /* Resources */ = {
			isa = PBXResourcesBuildPhase;
			buildActionMask = 2147483647;
			files = (
			);
			runOnlyForDeploymentPostprocessing = 0;
		};
/* End PBXResourcesBuildPhase section */

/* Begin PBXSourcesBuildPhase section */
		550C4D9028E1AF9A0002DDC4 /* Sources */ = {
			isa = PBXSourcesBuildPhase;
			buildActionMask = 2147483647;
			files = (
				5578535A28F963FA006E5090 /* ImageCache.swift in Sources */,
				5528C66428E45A3500D11D0C /* UIViewController+Extension.swift in Sources */,
				5528C67828E476BF00D11D0C /* Coordinator.swift in Sources */,
				550C4DD128E1B3610002DDC4 /* RickAndMortyModel.swift in Sources */,
				5569846F28E3218200AD2351 /* Reusable+Extension.swift in Sources */,
				550C4DE328E1C8230002DDC4 /* CharacterListViewModel.swift in Sources */,
				550C4DDE28E1C8010002DDC4 /* CharacterListState.swift in Sources */,
				5528C66D28E45BF900D11D0C /* CharacterDetailViewController.swift in Sources */,
				5569846728E3129A00AD2351 /* CharacterTableViewDataModel.swift in Sources */,
				550C4D9C28E1AF9A0002DDC4 /* ViewController.swift in Sources */,
				550C4DD728E1C2300002DDC4 /* NetworkRequest.swift in Sources */,
				550C4D9828E1AF9A0002DDC4 /* AppDelegate.swift in Sources */,
				5528C67428E45D3800D11D0C /* CharacterDetailState.swift in Sources */,
				550C4DDB28E1C7BA0002DDC4 /* CharacterListViewController.swift in Sources */,
				55453EC628E300CF008BD3F0 /* Storyboards.swift in Sources */,
				55453EC928E3010A008BD3F0 /* UIStoryboard+Extension.swift in Sources */,
				5578535428F96334006E5090 /* UIImage+Extension.swift in Sources */,
				553E7ED528E4B6F60010916B /* ApiURLs.swift in Sources */,
				5528C67A28E47D7100D11D0C /* Cells.swift in Sources */,
				550C4DD528E1B67E0002DDC4 /* ServiceGenerator.swift in Sources */,
				55453EBD28E2FEA2008BD3F0 /* CoordinatorProtocol.swift in Sources */,
				550C4D9A28E1AF9A0002DDC4 /* SceneDelegate.swift in Sources */,
				5569846D28E31DD400AD2351 /* CharacterListCellViewModel.swift in Sources */,
				5578535828F963B3006E5090 /* ImageCacheType.swift in Sources */,
				5528C66A28E45BBC00D11D0C /* CharacterDetailBuilder.swift in Sources */,
				5569846A28E31C3700AD2351 /* CharacterListCollectionViewCell.swift in Sources */,
				55453EC428E2FFF6008BD3F0 /* CharacterListBuilder.swift in Sources */,
				5528C67228E45C7100D11D0C /* CharacterDetailViewModel.swift in Sources */,
				550C4DCA28E1AFD60002DDC4 /* ServiceManager.swift in Sources */,
				5569847128E321B800AD2351 /* CollectionViewCell+Extension.swift in Sources */,
			);
			runOnlyForDeploymentPostprocessing = 0;
		};
		550C4DA628E1AF9B0002DDC4 /* Sources */ = {
			isa = PBXSourcesBuildPhase;
			buildActionMask = 2147483647;
			files = (
				550C4DAF28E1AF9B0002DDC4 /* ReactiveStatefulMVVMTests.swift in Sources */,
			);
			runOnlyForDeploymentPostprocessing = 0;
		};
		550C4DB028E1AF9B0002DDC4 /* Sources */ = {
			isa = PBXSourcesBuildPhase;
			buildActionMask = 2147483647;
			files = (
				550C4DB928E1AF9B0002DDC4 /* ReactiveStatefulMVVMUITests.swift in Sources */,
				550C4DBB28E1AF9B0002DDC4 /* ReactiveStatefulMVVMUITestsLaunchTests.swift in Sources */,
			);
			runOnlyForDeploymentPostprocessing = 0;
		};
/* End PBXSourcesBuildPhase section */

/* Begin PBXTargetDependency section */
		550C4DAC28E1AF9B0002DDC4 /* PBXTargetDependency */ = {
			isa = PBXTargetDependency;
			target = 550C4D9328E1AF9A0002DDC4 /* ReactiveStatefulMVVM */;
			targetProxy = 550C4DAB28E1AF9B0002DDC4 /* PBXContainerItemProxy */;
		};
		550C4DB628E1AF9B0002DDC4 /* PBXTargetDependency */ = {
			isa = PBXTargetDependency;
			target = 550C4D9328E1AF9A0002DDC4 /* ReactiveStatefulMVVM */;
			targetProxy = 550C4DB528E1AF9B0002DDC4 /* PBXContainerItemProxy */;
		};
/* End PBXTargetDependency section */

/* Begin PBXVariantGroup section */
		550C4D9D28E1AF9A0002DDC4 /* Main.storyboard */ = {
			isa = PBXVariantGroup;
			children = (
				550C4D9E28E1AF9A0002DDC4 /* Base */,
			);
			name = Main.storyboard;
			sourceTree = "<group>";
		};
		550C4DA228E1AF9B0002DDC4 /* LaunchScreen.storyboard */ = {
			isa = PBXVariantGroup;
			children = (
				550C4DA328E1AF9B0002DDC4 /* Base */,
			);
			name = LaunchScreen.storyboard;
			sourceTree = "<group>";
		};
/* End PBXVariantGroup section */

/* Begin XCBuildConfiguration section */
		550C4DBC28E1AF9B0002DDC4 /* Debug */ = {
			isa = XCBuildConfiguration;
			buildSettings = {
				ALWAYS_SEARCH_USER_PATHS = NO;
				CLANG_ANALYZER_NONNULL = YES;
				CLANG_ANALYZER_NUMBER_OBJECT_CONVERSION = YES_AGGRESSIVE;
				CLANG_CXX_LANGUAGE_STANDARD = "gnu++17";
				CLANG_ENABLE_MODULES = YES;
				CLANG_ENABLE_OBJC_ARC = YES;
				CLANG_ENABLE_OBJC_WEAK = YES;
				CLANG_WARN_BLOCK_CAPTURE_AUTORELEASING = YES;
				CLANG_WARN_BOOL_CONVERSION = YES;
				CLANG_WARN_COMMA = YES;
				CLANG_WARN_CONSTANT_CONVERSION = YES;
				CLANG_WARN_DEPRECATED_OBJC_IMPLEMENTATIONS = YES;
				CLANG_WARN_DIRECT_OBJC_ISA_USAGE = YES_ERROR;
				CLANG_WARN_DOCUMENTATION_COMMENTS = YES;
				CLANG_WARN_EMPTY_BODY = YES;
				CLANG_WARN_ENUM_CONVERSION = YES;
				CLANG_WARN_INFINITE_RECURSION = YES;
				CLANG_WARN_INT_CONVERSION = YES;
				CLANG_WARN_NON_LITERAL_NULL_CONVERSION = YES;
				CLANG_WARN_OBJC_IMPLICIT_RETAIN_SELF = YES;
				CLANG_WARN_OBJC_LITERAL_CONVERSION = YES;
				CLANG_WARN_OBJC_ROOT_CLASS = YES_ERROR;
				CLANG_WARN_QUOTED_INCLUDE_IN_FRAMEWORK_HEADER = YES;
				CLANG_WARN_RANGE_LOOP_ANALYSIS = YES;
				CLANG_WARN_STRICT_PROTOTYPES = YES;
				CLANG_WARN_SUSPICIOUS_MOVE = YES;
				CLANG_WARN_UNGUARDED_AVAILABILITY = YES_AGGRESSIVE;
				CLANG_WARN_UNREACHABLE_CODE = YES;
				CLANG_WARN__DUPLICATE_METHOD_MATCH = YES;
				COPY_PHASE_STRIP = NO;
				DEBUG_INFORMATION_FORMAT = dwarf;
				ENABLE_STRICT_OBJC_MSGSEND = YES;
				ENABLE_TESTABILITY = YES;
				GCC_C_LANGUAGE_STANDARD = gnu11;
				GCC_DYNAMIC_NO_PIC = NO;
				GCC_NO_COMMON_BLOCKS = YES;
				GCC_OPTIMIZATION_LEVEL = 0;
				GCC_PREPROCESSOR_DEFINITIONS = (
					"DEBUG=1",
					"$(inherited)",
				);
				GCC_WARN_64_TO_32_BIT_CONVERSION = YES;
				GCC_WARN_ABOUT_RETURN_TYPE = YES_ERROR;
				GCC_WARN_UNDECLARED_SELECTOR = YES;
				GCC_WARN_UNINITIALIZED_AUTOS = YES_AGGRESSIVE;
				GCC_WARN_UNUSED_FUNCTION = YES;
				GCC_WARN_UNUSED_VARIABLE = YES;
				IPHONEOS_DEPLOYMENT_TARGET = 15.5;
				MTL_ENABLE_DEBUG_INFO = INCLUDE_SOURCE;
				MTL_FAST_MATH = YES;
				ONLY_ACTIVE_ARCH = YES;
				SDKROOT = iphoneos;
				SWIFT_ACTIVE_COMPILATION_CONDITIONS = DEBUG;
				SWIFT_OPTIMIZATION_LEVEL = "-Onone";
			};
			name = Debug;
		};
		550C4DBD28E1AF9B0002DDC4 /* Release */ = {
			isa = XCBuildConfiguration;
			buildSettings = {
				ALWAYS_SEARCH_USER_PATHS = NO;
				CLANG_ANALYZER_NONNULL = YES;
				CLANG_ANALYZER_NUMBER_OBJECT_CONVERSION = YES_AGGRESSIVE;
				CLANG_CXX_LANGUAGE_STANDARD = "gnu++17";
				CLANG_ENABLE_MODULES = YES;
				CLANG_ENABLE_OBJC_ARC = YES;
				CLANG_ENABLE_OBJC_WEAK = YES;
				CLANG_WARN_BLOCK_CAPTURE_AUTORELEASING = YES;
				CLANG_WARN_BOOL_CONVERSION = YES;
				CLANG_WARN_COMMA = YES;
				CLANG_WARN_CONSTANT_CONVERSION = YES;
				CLANG_WARN_DEPRECATED_OBJC_IMPLEMENTATIONS = YES;
				CLANG_WARN_DIRECT_OBJC_ISA_USAGE = YES_ERROR;
				CLANG_WARN_DOCUMENTATION_COMMENTS = YES;
				CLANG_WARN_EMPTY_BODY = YES;
				CLANG_WARN_ENUM_CONVERSION = YES;
				CLANG_WARN_INFINITE_RECURSION = YES;
				CLANG_WARN_INT_CONVERSION = YES;
				CLANG_WARN_NON_LITERAL_NULL_CONVERSION = YES;
				CLANG_WARN_OBJC_IMPLICIT_RETAIN_SELF = YES;
				CLANG_WARN_OBJC_LITERAL_CONVERSION = YES;
				CLANG_WARN_OBJC_ROOT_CLASS = YES_ERROR;
				CLANG_WARN_QUOTED_INCLUDE_IN_FRAMEWORK_HEADER = YES;
				CLANG_WARN_RANGE_LOOP_ANALYSIS = YES;
				CLANG_WARN_STRICT_PROTOTYPES = YES;
				CLANG_WARN_SUSPICIOUS_MOVE = YES;
				CLANG_WARN_UNGUARDED_AVAILABILITY = YES_AGGRESSIVE;
				CLANG_WARN_UNREACHABLE_CODE = YES;
				CLANG_WARN__DUPLICATE_METHOD_MATCH = YES;
				COPY_PHASE_STRIP = NO;
				DEBUG_INFORMATION_FORMAT = "dwarf-with-dsym";
				ENABLE_NS_ASSERTIONS = NO;
				ENABLE_STRICT_OBJC_MSGSEND = YES;
				GCC_C_LANGUAGE_STANDARD = gnu11;
				GCC_NO_COMMON_BLOCKS = YES;
				GCC_WARN_64_TO_32_BIT_CONVERSION = YES;
				GCC_WARN_ABOUT_RETURN_TYPE = YES_ERROR;
				GCC_WARN_UNDECLARED_SELECTOR = YES;
				GCC_WARN_UNINITIALIZED_AUTOS = YES_AGGRESSIVE;
				GCC_WARN_UNUSED_FUNCTION = YES;
				GCC_WARN_UNUSED_VARIABLE = YES;
				IPHONEOS_DEPLOYMENT_TARGET = 15.5;
				MTL_ENABLE_DEBUG_INFO = NO;
				MTL_FAST_MATH = YES;
				SDKROOT = iphoneos;
				SWIFT_COMPILATION_MODE = wholemodule;
				SWIFT_OPTIMIZATION_LEVEL = "-O";
				VALIDATE_PRODUCT = YES;
			};
			name = Release;
		};
		550C4DBF28E1AF9B0002DDC4 /* Debug */ = {
			isa = XCBuildConfiguration;
			buildSettings = {
				ASSETCATALOG_COMPILER_APPICON_NAME = AppIcon;
				ASSETCATALOG_COMPILER_GLOBAL_ACCENT_COLOR_NAME = AccentColor;
				CODE_SIGN_STYLE = Automatic;
				CURRENT_PROJECT_VERSION = 1;
				DEVELOPMENT_TEAM = UTN2596CAS;
				GENERATE_INFOPLIST_FILE = YES;
				INFOPLIST_FILE = ReactiveStatefulMVVM/Info.plist;
				INFOPLIST_KEY_UIApplicationSupportsIndirectInputEvents = YES;
				INFOPLIST_KEY_UILaunchStoryboardName = LaunchScreen;
				INFOPLIST_KEY_UISupportedInterfaceOrientations_iPad = "UIInterfaceOrientationPortrait UIInterfaceOrientationPortraitUpsideDown UIInterfaceOrientationLandscapeLeft UIInterfaceOrientationLandscapeRight";
				INFOPLIST_KEY_UISupportedInterfaceOrientations_iPhone = "UIInterfaceOrientationPortrait UIInterfaceOrientationLandscapeLeft UIInterfaceOrientationLandscapeRight";
				LD_RUNPATH_SEARCH_PATHS = (
					"$(inherited)",
					"@executable_path/Frameworks",
				);
				MARKETING_VERSION = 1.0;
				PRODUCT_BUNDLE_IDENTIFIER = com.brsrld.ReactiveStatefulMVVM;
				PRODUCT_NAME = "$(TARGET_NAME)";
				SWIFT_EMIT_LOC_STRINGS = YES;
				SWIFT_VERSION = 5.0;
				TARGETED_DEVICE_FAMILY = "1,2";
			};
			name = Debug;
		};
		550C4DC028E1AF9B0002DDC4 /* Release */ = {
			isa = XCBuildConfiguration;
			buildSettings = {
				ASSETCATALOG_COMPILER_APPICON_NAME = AppIcon;
				ASSETCATALOG_COMPILER_GLOBAL_ACCENT_COLOR_NAME = AccentColor;
				CODE_SIGN_STYLE = Automatic;
				CURRENT_PROJECT_VERSION = 1;
				DEVELOPMENT_TEAM = UTN2596CAS;
				GENERATE_INFOPLIST_FILE = YES;
				INFOPLIST_FILE = ReactiveStatefulMVVM/Info.plist;
				INFOPLIST_KEY_UIApplicationSupportsIndirectInputEvents = YES;
				INFOPLIST_KEY_UILaunchStoryboardName = LaunchScreen;
				INFOPLIST_KEY_UISupportedInterfaceOrientations_iPad = "UIInterfaceOrientationPortrait UIInterfaceOrientationPortraitUpsideDown UIInterfaceOrientationLandscapeLeft UIInterfaceOrientationLandscapeRight";
				INFOPLIST_KEY_UISupportedInterfaceOrientations_iPhone = "UIInterfaceOrientationPortrait UIInterfaceOrientationLandscapeLeft UIInterfaceOrientationLandscapeRight";
				LD_RUNPATH_SEARCH_PATHS = (
					"$(inherited)",
					"@executable_path/Frameworks",
				);
				MARKETING_VERSION = 1.0;
				PRODUCT_BUNDLE_IDENTIFIER = com.brsrld.ReactiveStatefulMVVM;
				PRODUCT_NAME = "$(TARGET_NAME)";
				SWIFT_EMIT_LOC_STRINGS = YES;
				SWIFT_VERSION = 5.0;
				TARGETED_DEVICE_FAMILY = "1,2";
			};
			name = Release;
		};
		550C4DC228E1AF9B0002DDC4 /* Debug */ = {
			isa = XCBuildConfiguration;
			buildSettings = {
				ALWAYS_EMBED_SWIFT_STANDARD_LIBRARIES = YES;
				BUNDLE_LOADER = "$(TEST_HOST)";
				CODE_SIGN_STYLE = Automatic;
				CURRENT_PROJECT_VERSION = 1;
				DEVELOPMENT_TEAM = UTN2596CAS;
				GENERATE_INFOPLIST_FILE = YES;
				IPHONEOS_DEPLOYMENT_TARGET = 15.5;
				MARKETING_VERSION = 1.0;
				PRODUCT_BUNDLE_IDENTIFIER = com.brsrld.ReactiveStatefulMVVMTests;
				PRODUCT_NAME = "$(TARGET_NAME)";
				SWIFT_EMIT_LOC_STRINGS = NO;
				SWIFT_VERSION = 5.0;
				TARGETED_DEVICE_FAMILY = "1,2";
				TEST_HOST = "$(BUILT_PRODUCTS_DIR)/ReactiveStatefulMVVM.app/ReactiveStatefulMVVM";
			};
			name = Debug;
		};
		550C4DC328E1AF9B0002DDC4 /* Release */ = {
			isa = XCBuildConfiguration;
			buildSettings = {
				ALWAYS_EMBED_SWIFT_STANDARD_LIBRARIES = YES;
				BUNDLE_LOADER = "$(TEST_HOST)";
				CODE_SIGN_STYLE = Automatic;
				CURRENT_PROJECT_VERSION = 1;
				DEVELOPMENT_TEAM = UTN2596CAS;
				GENERATE_INFOPLIST_FILE = YES;
				IPHONEOS_DEPLOYMENT_TARGET = 15.5;
				MARKETING_VERSION = 1.0;
				PRODUCT_BUNDLE_IDENTIFIER = com.brsrld.ReactiveStatefulMVVMTests;
				PRODUCT_NAME = "$(TARGET_NAME)";
				SWIFT_EMIT_LOC_STRINGS = NO;
				SWIFT_VERSION = 5.0;
				TARGETED_DEVICE_FAMILY = "1,2";
				TEST_HOST = "$(BUILT_PRODUCTS_DIR)/ReactiveStatefulMVVM.app/ReactiveStatefulMVVM";
			};
			name = Release;
		};
		550C4DC528E1AF9B0002DDC4 /* Debug */ = {
			isa = XCBuildConfiguration;
			buildSettings = {
				ALWAYS_EMBED_SWIFT_STANDARD_LIBRARIES = YES;
				CODE_SIGN_STYLE = Automatic;
				CURRENT_PROJECT_VERSION = 1;
				DEVELOPMENT_TEAM = UTN2596CAS;
				GENERATE_INFOPLIST_FILE = YES;
				MARKETING_VERSION = 1.0;
				PRODUCT_BUNDLE_IDENTIFIER = com.brsrld.ReactiveStatefulMVVMUITests;
				PRODUCT_NAME = "$(TARGET_NAME)";
				SWIFT_EMIT_LOC_STRINGS = NO;
				SWIFT_VERSION = 5.0;
				TARGETED_DEVICE_FAMILY = "1,2";
				TEST_TARGET_NAME = ReactiveStatefulMVVM;
			};
			name = Debug;
		};
		550C4DC628E1AF9B0002DDC4 /* Release */ = {
			isa = XCBuildConfiguration;
			buildSettings = {
				ALWAYS_EMBED_SWIFT_STANDARD_LIBRARIES = YES;
				CODE_SIGN_STYLE = Automatic;
				CURRENT_PROJECT_VERSION = 1;
				DEVELOPMENT_TEAM = UTN2596CAS;
				GENERATE_INFOPLIST_FILE = YES;
				MARKETING_VERSION = 1.0;
				PRODUCT_BUNDLE_IDENTIFIER = com.brsrld.ReactiveStatefulMVVMUITests;
				PRODUCT_NAME = "$(TARGET_NAME)";
				SWIFT_EMIT_LOC_STRINGS = NO;
				SWIFT_VERSION = 5.0;
				TARGETED_DEVICE_FAMILY = "1,2";
				TEST_TARGET_NAME = ReactiveStatefulMVVM;
			};
			name = Release;
		};
/* End XCBuildConfiguration section */

/* Begin XCConfigurationList section */
		550C4D8F28E1AF9A0002DDC4 /* Build configuration list for PBXProject "ReactiveStatefulMVVM" */ = {
			isa = XCConfigurationList;
			buildConfigurations = (
				550C4DBC28E1AF9B0002DDC4 /* Debug */,
				550C4DBD28E1AF9B0002DDC4 /* Release */,
			);
			defaultConfigurationIsVisible = 0;
			defaultConfigurationName = Release;
		};
		550C4DBE28E1AF9B0002DDC4 /* Build configuration list for PBXNativeTarget "ReactiveStatefulMVVM" */ = {
			isa = XCConfigurationList;
			buildConfigurations = (
				550C4DBF28E1AF9B0002DDC4 /* Debug */,
				550C4DC028E1AF9B0002DDC4 /* Release */,
			);
			defaultConfigurationIsVisible = 0;
			defaultConfigurationName = Release;
		};
		550C4DC128E1AF9B0002DDC4 /* Build configuration list for PBXNativeTarget "ReactiveStatefulMVVMTests" */ = {
			isa = XCConfigurationList;
			buildConfigurations = (
				550C4DC228E1AF9B0002DDC4 /* Debug */,
				550C4DC328E1AF9B0002DDC4 /* Release */,
			);
			defaultConfigurationIsVisible = 0;
			defaultConfigurationName = Release;
		};
		550C4DC428E1AF9B0002DDC4 /* Build configuration list for PBXNativeTarget "ReactiveStatefulMVVMUITests" */ = {
			isa = XCConfigurationList;
			buildConfigurations = (
				550C4DC528E1AF9B0002DDC4 /* Debug */,
				550C4DC628E1AF9B0002DDC4 /* Release */,
			);
			defaultConfigurationIsVisible = 0;
			defaultConfigurationName = Release;
		};
/* End XCConfigurationList section */
	};
	rootObject = 550C4D8C28E1AF9A0002DDC4 /* Project object */;
}
